
Microsoft Visual Studio Solution File, Format Version 11.00
# Visual Studio 2010
Project("{FAE04EC0-301F-11D3-BF4B-00C04F79EFBC}") = "VectorSpaces", "VectorSpaces\VectorSpaces.csproj", "{62181569-7B62-446D-96D2-B3D5C2AEF013}"
EndProject
Global
	GlobalSection(SolutionConfigurationPlatforms) = preSolution
		Debug|x86 = Debug|x86
		Release|x86 = Release|x86
	EndGlobalSection
	GlobalSection(ProjectConfigurationPlatforms) = postSolution
		{62181569-7B62-446D-96D2-B3D5C2AEF013}.Debug|x86.ActiveCfg = Debug|x86
		{62181569-7B62-446D-96D2-B3D5C2AEF013}.Debug|x86.Build.0 = Debug|x86
		{62181569-7B62-446D-96D2-B3D5C2AEF013}.Release|x86.ActiveCfg = Release|x86
		{62181569-7B62-446D-96D2-B3D5C2AEF013}.Release|x86.Build.0 = Release|x86
	EndGlobalSection
	GlobalSection(SolutionProperties) = preSolution
		HideSolutionNode = FALSE
	EndGlobalSection
	GlobalSection(MonoDevelopProperties) = preSolution
		StartupItem = VectorSpaces\VectorSpaces.csproj
	EndGlobalSection
EndGlobal
